
Microsoft Visual Studio Solution File, Format Version 12.00
# Visual Studio Version 16
VisualStudioVersion = 16.0.31729.503
MinimumVisualStudioVersion = 10.0.40219.1
Project("{FAE04EC0-301F-11D3-BF4B-00C04F79EFBC}") = "AppClonJonatanFor", "AppClonJonatanFor\AppClonJonatanFor.csproj", "{31EFF26A-838D-4629-B0E0-BC0E7591CB9E}"
EndProject
Global
	GlobalSection(SolutionConfigurationPlatforms) = preSolution
		Debug|Any CPU = Debug|Any CPU
		Release|Any CPU = Release|Any CPU
	EndGlobalSection
	GlobalSection(ProjectConfigurationPlatforms) = postSolution
		{31EFF26A-838D-4629-B0E0-BC0E7591CB9E}.Debug|Any CPU.ActiveCfg = Debug|Any CPU
		{31EFF26A-838D-4629-B0E0-BC0E7591CB9E}.Debug|Any CPU.Build.0 = Debug|Any CPU
		{31EFF26A-838D-4629-B0E0-BC0E7591CB9E}.Release|Any CPU.ActiveCfg = Release|Any CPU
		{31EFF26A-838D-4629-B0E0-BC0E7591CB9E}.Release|Any CPU.Build.0 = Release|Any CPU
	EndGlobalSection
	GlobalSection(SolutionProperties) = preSolution
		HideSolutionNode = FALSE
	EndGlobalSection
	GlobalSection(ExtensibilityGlobals) = postSolution
		SolutionGuid = {C4794E99-9FCD-4EAE-B9FC-366734AFA819}
	EndGlobalSection
EndGlobal
